# This file is autogenerated, do not edit; changes may be undone by the next 'dep ensure'.


[[projects]]
  digest = "1:9909e0a06cff3bd88841c9d2e0cc91b0a431676009018c74c3315f33b49b0046"
  name = "github.com/StackExchange/wmi"
  packages = ["."]
  pruneopts = "UT"
  revision = "cbe66965904dbe8a6cd589e2298e5d8b986bd7dd"
  version = "1.1.0"

[[projects]]
  branch = "master"
  digest = "1:7219a79e7d775b1813e267812e39f04ed15ece1428b1c3e5b24df78e37ab7795"
  name = "github.com/dchest/uniuri"
  packages = ["."]
  pruneopts = "UT"
  revision = "7aecb25e1fe5a22533fab90a637a8f74a9cf7340"

[[projects]]
  digest = "1:76dc72490af7174349349838f2fe118996381b31ea83243812a97e5a0fd5ed55"
  name = "github.com/dgrijalva/jwt-go"
  packages = ["."]
  pruneopts = "UT"
  revision = "06ea1031745cb8b3dab3f6a236daf2b0aa468b7e"
  version = "v3.2.0"

[[projects]]
  digest = "1:3adf0ef092abc82d9beeaa4473a798cb1b8ebae3c68ddb1b30eea52770c86f82"
  name = "github.com/felixge/httpsnoop"
  packages = ["."]
  pruneopts = "UT"
  revision = "33ec42cfe005395fb4cc4b296781f65d7ffef2c3"
  version = "v1.0.1"

[[projects]]
  digest = "1:80057945464ffb5b0da1f026beb8df0e8dbd098eaf771a349291bed2cd29a83e"
  name = "github.com/fsnotify/fsnotify"
  packages = ["."]
  pruneopts = "UT"
  revision = "45d7d09e39ef4ac08d493309fa031790c15bfe8a"
  version = "v1.4.9"

[[projects]]
  digest = "1:bd4d56d68bad65e00ddb3e0bafbaf8355b495559229ea7699e53d12e5f64add2"
  name = "github.com/go-ole/go-ole"
  packages = [
    ".",
    "oleutil",
  ]
  pruneopts = "UT"
  revision = "9f1c1d07a2d46919f666f69f6a324bacba498a6a"
  version = "v1.2.5"

[[projects]]
  digest = "1:c79fb010be38a59d657c48c6ba1d003a8aa651fa56b579d959d74573b7dff8e1"
  name = "github.com/gorilla/context"
  packages = ["."]
  pruneopts = "UT"
  revision = "08b5f424b9271eedf6f9f0ce86cb9396ed337a42"
  version = "v1.1.1"

[[projects]]
  digest = "1:9ff256c9dfa28d8fe056cce6babbd529862b0c340710c62881b80368b5bd5bbf"
  name = "github.com/gorilla/handlers"
  packages = ["."]
  pruneopts = "UT"
  revision = "d453effd20e6817a8acfd9d278dadd21371da0ba"
  version = "v1.5.1"

[[projects]]
  digest = "1:6078383dbb7405bfa3ce16957f37564e3b716afa29b6eb45ffdb6674624d1e0d"
  name = "github.com/gorilla/mux"
  packages = ["."]
  pruneopts = "UT"
  revision = "98cb6bf42e086f6af920b965c38cacc07402d51b"
  version = "v1.8.0"

[[projects]]
  digest = "1:e72d1ebb8d395cf9f346fd9cbc652e5ae222dd85e0ac842dc57f175abed6d195"
  name = "github.com/gorilla/securecookie"
  packages = ["."]
  pruneopts = "UT"
  revision = "e59506cc896acb7f7bf732d4fdf5e25f7ccd8983"
  version = "v1.1.1"

[[projects]]
  digest = "1:8a4faf976f729a5bf9141d9fefdaf89e0550a34f05299f8102b2614f23e64658"
  name = "github.com/gorilla/sessions"
  packages = ["."]
  pruneopts = "UT"
  revision = "61fa50d034f99479a7de0d1c02c5e9dea5ad30cb"
  version = "v1.2.1"

[[projects]]
  digest = "1:c0d19ab64b32ce9fe5cf4ddceba78d5bc9807f0016db6b1183599da3dcc24d10"
  name = "github.com/hashicorp/hcl"
  packages = [
    ".",
    "hcl/ast",
    "hcl/parser",
    "hcl/printer",
    "hcl/scanner",
    "hcl/strconv",
    "hcl/token",
    "json/parser",
    "json/scanner",
    "json/token",
  ]
  pruneopts = "UT"
  revision = "8cb6e5b959231cc1119e43259c4a608f9c51a241"
  version = "v1.0.0"

[[projects]]
  digest = "1:fee504dc0f09427fb92483a6fd3e895f9c4ecf3ff084b764b0595ecb648a7f60"
  name = "github.com/jmoiron/sqlx"
  packages = [
    ".",
    "reflectx",
  ]
  pruneopts = "UT"
  revision = "75a7ebf246fd757c9c7742da7dc4d26c6fdb6b5b"
  version = "v1.3.1"

[[projects]]
  digest = "1:e0b019ee3a64ce51eeb7e0097a372305ac8caf338e50adf8e4bf3b7ce928e132"
  name = "github.com/josharian/intern"
  packages = ["."]
  pruneopts = "UT"
  revision = "8e6ff32b3e7c0b018c43953085fe2ac330fe9acd"
  version = "v1.0.0"

[[projects]]
  digest = "1:37126b1e01d4555bed47b9692fc72eade55165c5b7b29c8dd9ddb0e420479afa"
  name = "github.com/jpillora/overseer"
  packages = [
    ".",
    "fetcher",
  ]
  pruneopts = "UT"
  revision = "94fc750bf4dc84fc627d444eb29c54028e201083"
  version = "v1.1.6"

[[projects]]
  digest = "1:14738a5769e5ec5a7873c72c1f95958c801631ca8fb5b7029dbf9c4c528dcf16"
  name = "github.com/jpillora/s3"
  packages = ["."]
  pruneopts = "UT"
  revision = "3f3ae0c7f9cb063c4f55da53fc779cc7d9624358"
  version = "v1.1.4"

[[projects]]
  digest = "1:26580a37df9f0e1db43b6283e7daf108e4887a024b5084b69b1bc40af89eefce"
  name = "github.com/justinas/alice"
  packages = ["."]
  pruneopts = "UT"
  revision = "698d694619453f429d388422116af97d11f37f41"
  version = "v1.2.0"

[[projects]]
  digest = "1:759375161ead34b8a830e14e75196bb51a999f125531d2faf0a1a944551a586f"
  name = "github.com/kr/pretty"
  packages = ["."]
  pruneopts = "UT"
  revision = "ead452280cd055b2ae8a7f0db5eb37a878d902f7"
  version = "v0.2.1"

[[projects]]
  digest = "1:7218fd69ff5436d016101bbc6183cdc289aa45ac37b48e78846318e4ef389bea"
  name = "github.com/kr/text"
  packages = ["."]
  pruneopts = "UT"
  revision = "702c74938df48b97370179f33ce2107bd7ff3b3e"
  version = "v0.2.0"

[[projects]]
  digest = "1:85a45ff41e6b733d430b653236191d131b707a05e9751f53b469f2c0bb222f01"
  name = "github.com/magiconair/properties"
  packages = ["."]
  pruneopts = "UT"
  revision = "0e5c09062c2daef666bd279e2d2d9f25f218f2be"
  version = "v1.8.4"

[[projects]]
  digest = "1:31f0ceca116f167499ab5b7ad57f3c2dc3d82f6dc4554dda19a8d18d696670ec"
  name = "github.com/mailru/easyjson"
  packages = [
    "buffer",
    "jlexer",
    "jwriter",
  ]
  pruneopts = "UT"
  revision = "c120ca7ced6051261161ce15e8f1542a4b2567fc"
  version = "v0.7.7"

[[projects]]
  digest = "1:2a3c9556884d94bdbcdcdc62350f8cf466cf7eb39669fe7a0640f2600f61ceaf"
  name = "github.com/mitchellh/mapstructure"
  packages = ["."]
  pruneopts = "UT"
  revision = "8ebf2d61a8b4adcce25fc9fc9b76e8452a00672f"
  version = "v1.4.1"

[[projects]]
  digest = "1:0803645e1f57fb5271a6edc7570b9ea59bac2e5de67957075a43f3d74c8dbd97"
  name = "github.com/nytimes/gziphandler"
  packages = ["."]
  pruneopts = "UT"
  revision = "2600fb119af974220d3916a5916d6e31176aac1b"
  version = "v1.0.1"

[[projects]]
  digest = "1:ba7c8395a3bdd3b44d40ba36ff6eb283b583a3db865c02a952b89a1aa639081b"
  name = "github.com/pelletier/go-toml"
  packages = ["."]
  pruneopts = "UT"
  revision = "65ca8064882c8c308e5c804c5d5443d409e0738c"
  version = "v1.8.1"

[[projects]]
  digest = "1:ed615c5430ecabbb0fb7629a182da65ecee6523900ac1ac932520860878ffcad"
  name = "github.com/robfig/cron"
  packages = ["."]
  pruneopts = "UT"
  revision = "b41be1df696709bb6395fe435af20370037c0b4c"
  version = "v1.2.0"

[[projects]]
  digest = "1:c5dfe46811af7e2eff7c11fc84b6c841520338613c056f659f262d5a4fb42fa8"
  name = "github.com/rs/cors"
  packages = ["."]
  pruneopts = "UT"
  revision = "db0fe48135e83b5812a5a31be0eea66984b1b521"
  version = "v1.7.0"

[[projects]]
  branch = "master"
  digest = "1:733b34ea8047819a290f46d3ce88537cfb98d102404821ea95f3fbc0014a3c68"
  name = "github.com/ryuken/th_tools"
  packages = ["."]
  pruneopts = "UT"
  revision = "efcc7e9e2269de5ecbd8712277b5aca7274165b6"

[[projects]]
  digest = "1:e76b197a689daae40d3b3597319b3b66e29c94eccda6461b1c97e2524cf3630b"
  name = "github.com/spf13/afero"
  packages = [
    ".",
    "mem",
  ]
  pruneopts = "UT"
  revision = "32b5faae5bd7fe285255e818818f7971e9279c1a"
  version = "v1.5.1"

[[projects]]
  digest = "1:ff4cd55a3666b6ea3a876c9e133bfb54d6c812e725409a773f2c94a0b3a92f4f"
  name = "github.com/spf13/cast"
  packages = ["."]
  pruneopts = "UT"
  revision = "1ffadf551085444af981432dd0f6d1160c11ec64"
  version = "v1.3.1"

[[projects]]
  digest = "1:1b753ec16506f5864d26a28b43703c58831255059644351bbcb019b843950900"
  name = "github.com/spf13/jwalterweatherman"
  packages = ["."]
  pruneopts = "UT"
  revision = "94f6ae3ed3bceceafa716478c5fbf8d29ca601a1"
  version = "v1.1.0"

[[projects]]
  digest = "1:524b71991fc7d9246cc7dc2d9e0886ccb97648091c63e30eef619e6862c955dd"
  name = "github.com/spf13/pflag"
  packages = ["."]
  pruneopts = "UT"
  revision = "2e9d26c8c37aae03e3f9d4e90b7116f5accb7cab"
  version = "v1.0.5"

[[projects]]
  digest = "1:b3027d4cb73b6576e8818c1012389dbcd8385e34bb8e4ee024891214c4338725"
  name = "github.com/spf13/viper"
  packages = ["."]
  pruneopts = "UT"
  revision = "3826be313591f83193f048520482a7b3cf17d506"
  version = "v1.7.1"

[[projects]]
  digest = "1:f4b32291cad5efac2bfdba89ccde6aa04618b62ce06c1a571da2dc4f3f2677fb"
  name = "github.com/subosito/gotenv"
  packages = ["."]
  pruneopts = "UT"
  revision = "2ef7124db659d49edac6aa459693a15ae36c671a"
  version = "v1.2.0"

[[projects]]
  digest = "1:04eda52ce94e58ea57f0e884e9e247dece52f2c083f55b507b33745938e9428b"
  name = "github.com/tidwall/gjson"
  packages = ["."]
  pruneopts = "UT"
  revision = "65353b6d52a31e808c07f9d4651b9473525dcd88"
  version = "v1.6.8"

[[projects]]
  digest = "1:5413669d0fb5cdfd63e693dbd1c41152b1450c31e8aecfecd842686513fbd20e"
  name = "github.com/tidwall/match"
  packages = ["."]
  pruneopts = "UT"
  revision = "c2f534168b739a7ec1821a33839fb2f029f26bbc"
  version = "v1.0.3"

[[projects]]
  digest = "1:f63bab79e68e805cdd9bf70daa09e8c430cfbddf29d14b567a92fb12581b9b95"
  name = "github.com/tidwall/pretty"
  packages = ["."]
  pruneopts = "UT"
  revision = "ef453c788d6a371829f4f9967b014b2b81856df5"
  version = "v1.0.2"

[[projects]]
  digest = "1:8480e8491b9889318a1c30bd7b6bd02cfe8aa95ab51633a276320e93bab28f69"
  name = "github.com/y0ssar1an/q"
  packages = ["."]
  pruneopts = "UT"
  revision = "0623759dc5e38337926d7c73f8d177c174164185"
  version = "v1.0.12"

[[projects]]
  branch = "master"
  digest = "1:5dc486a74b995363feff07b7515192c30332a81386d691c618b03812230ef231"
  name = "golang.org/x/sys"
  packages = [
    "internal/unsafeheader",
    "unix",
    "windows",
  ]
  pruneopts = "UT"
  revision = "22da62e12c0cd9c1da93581e1113ca4d82a5be14"

[[projects]]
  digest = "1:666e3df74f0c4788cc92426b18e33d93b7b62a3d4e8253f7c4b2226132a0f8de"
  name = "golang.org/x/text"
  packages = [
    "internal/gen",
    "internal/triegen",
    "internal/ucd",
    "transform",
    "unicode/cldr",
    "unicode/norm",
  ]
  pruneopts = "UT"
  revision = "75a595aef632b07c6eeaaa805adb6f0f66e4130e"
  version = "v0.3.5"

[[projects]]
  digest = "1:f7059e57af5fc848220ebfbfb61e4d333179a6a07e70bc01f7ae5bc873586537"
  name = "gopkg.in/ini.v1"
  packages = ["."]
  pruneopts = "UT"
  revision = "5e97220809ffaa826f787728501264e9114cb834"
  version = "v1.62.0"

[[projects]]
  branch = "v2"
  digest = "1:4af24de1cba937fb5ef082e8860a47fd46282e6863c01930359368ee121e3114"
  name = "gopkg.in/mgo.v2"
  packages = [
    ".",
    "bson",
    "internal/json",
    "internal/sasl",
    "internal/scram",
  ]
  pruneopts = "UT"
  revision = "a6b53ec6cb22a3699387a57a161566f9402ee85b"

[[projects]]
  digest = "1:5054a1f394226de9e6ddc47b0ba77e35092a4112f4a1cd9cb94aba1f5bdc3ec6"
  name = "gopkg.in/yaml.v2"
  packages = ["."]
  pruneopts = "UT"
  revision = "7649d4548cb53a614db133b2a8ac1f31859dda8c"
  version = "v2.4.0"

[solve-meta]
  analyzer-name = "dep"
  analyzer-version = 1
  input-imports = [
    "github.com/fsnotify/fsnotify",
    "github.com/jpillora/overseer",
    "github.com/jpillora/overseer/fetcher",
    "github.com/justinas/alice",
    "github.com/robfig/cron",
    "github.com/rs/cors",
    "github.com/ryuken/th_tools",
    "github.com/spf13/viper",
    "github.com/y0ssar1an/q",
  ]
  solver-name = "gps-cdcl"
  solver-version = 1
