# This file is autogenerated, do not edit; changes may be undone by the next 'dep ensure'.


[[projects]]
  digest = "1:7e8374f4af9716b04091625ea587a2c456b44ebad0364c2e0b62f3a1e9cda21b"
  name = "github.com/aws/aws-sdk-go"
  packages = [
    "aws",
    "aws/awserr",
    "aws/awsutil",
    "aws/client",
    "aws/client/metadata",
    "aws/corehandlers",
    "aws/credentials",
    "aws/credentials/ec2rolecreds",
    "aws/credentials/endpointcreds",
    "aws/credentials/stscreds",
    "aws/defaults",
    "aws/ec2metadata",
    "aws/endpoints",
    "aws/request",
    "aws/session",
    "aws/signer/v4",
    "internal/sdkrand",
    "internal/shareddefaults",
    "private/protocol",
    "private/protocol/query",
    "private/protocol/query/queryutil",
    "private/protocol/rest",
    "private/protocol/restxml",
    "private/protocol/xml/xmlutil",
    "service/s3",
    "service/sts"
  ]
  pruneopts = "UT"
  revision = "8a0e4eacaec13849a4177fa293f5e908760056a9"

[[projects]]
  branch = "master"
  digest = "1:fdae1c338ec6667687fb3fdbde842b3c421c930163981b5d441502b240b7f50b"
  name = "github.com/dchest/uniuri"
  packages = ["."]
  pruneopts = "UT"
  revision = "8902c56451e9b58ff940bbe5fec35d5f9c04584a"

[[projects]]
  digest = "1:217f778e19b8d206112c21d21a7cc72ca3cb493b67631680a2324bc50335d432"
  name = "github.com/dgrijalva/jwt-go"
  packages = ["."]
  pruneopts = "UT"
  revision = "dbeaa9332f19a944acb5736b4456cfcc02140e29"
  version = "v3.1.0"

[[projects]]
  digest = "1:abeb38ade3f32a92943e5be54f55ed6d6e3b6602761d74b4aab4c9dd45c18abd"
  name = "github.com/fsnotify/fsnotify"
  packages = ["."]
  pruneopts = "UT"
  revision = "c2828203cd70a50dcccfb2761f8b1f8ceef9a8e9"
  version = "v1.4.7"

[[projects]]
  digest = "1:6c56c50b13fd3cb33b692b264727c1c89198274f5dcabaa077e3b2472037e0f9"
  name = "github.com/go-ini/ini"
  packages = ["."]
  pruneopts = "UT"
  revision = "d4cae42d398bc0095297fc3315669590d29166ea"
  version = "v1.46.0"

[[projects]]
  digest = "1:160eabf7a69910fd74f29c692718bc2437c1c1c7d4c9dea9712357752a70e5df"
  name = "github.com/gorilla/context"
  packages = ["."]
  pruneopts = "UT"
  revision = "1ea25387ff6f684839d82767c1733ff4d4d15d0a"
  version = "v1.1"

[[projects]]
  digest = "1:185a43b59a1f4e7ad4e7ccafb8a1538193d897a2a75be16dda093ec42ad231cf"
  name = "github.com/gorilla/handlers"
  packages = ["."]
  pruneopts = "UT"
  revision = "90663712d74cb411cbef281bc1e08c19d1a76145"
  version = "v1.3.0"

[[projects]]
  digest = "1:88aa9e326e2bd6045a46e00a922954b3e1a9ac5787109f49ac85366df370e1e5"
  name = "github.com/gorilla/mux"
  packages = ["."]
  pruneopts = "UT"
  revision = "53c1911da2b537f792e7cafcb446b05ffe33b996"
  version = "v1.6.1"

[[projects]]
  digest = "1:e72d1ebb8d395cf9f346fd9cbc652e5ae222dd85e0ac842dc57f175abed6d195"
  name = "github.com/gorilla/securecookie"
  packages = ["."]
  pruneopts = "UT"
  revision = "e59506cc896acb7f7bf732d4fdf5e25f7ccd8983"
  version = "v1.1.1"

[[projects]]
  digest = "1:e088abc94b4678eb30d09467df7ac2828712aa5e16d1e390f81074dc48c3b96d"
  name = "github.com/gorilla/sessions"
  packages = ["."]
  pruneopts = "UT"
  revision = "ca9ada44574153444b00d3fd9c8559e4cc95f896"
  version = "v1.1"

[[projects]]
  digest = "1:466594e2922a8ca66af07370ea29726c0d40272baaad1158a36cd94baa6367d1"
  name = "github.com/hashicorp/hcl"
  packages = [
    ".",
    "hcl/ast",
    "hcl/parser",
    "hcl/printer",
    "hcl/scanner",
    "hcl/strconv",
    "hcl/token",
    "json/parser",
    "json/scanner",
    "json/token"
  ]
  pruneopts = "UT"
  revision = "23c074d0eceb2b8a5bfdbb271ab780cde70f05a8"

[[projects]]
  digest = "1:e22af8c7518e1eab6f2eab2b7d7558927f816262586cd6ed9f349c97a6c285c4"
  name = "github.com/jmespath/go-jmespath"
  packages = ["."]
  pruneopts = "UT"
  revision = "0b12d6b5"

[[projects]]
  digest = "1:858363ff20a2f6ab0a24a356e5efe96abe00c84eb662390fc688eafe98174bff"
  name = "github.com/jmoiron/sqlx"
  packages = [
    ".",
    "reflectx"
  ]
  pruneopts = "UT"
  revision = "cac998c4f0959c19c638c523e374fa8e4e0bcfe3"

[[projects]]
  digest = "1:d31d7d9d24de09afc8d5b2fcbefa8242944fbe3d12c22454aeab70660cfe2977"
  name = "github.com/jpillora/overseer"
  packages = [
    ".",
    "fetcher"
  ]
  pruneopts = "UT"
  revision = "cfea0d4997998d70bd5c524d3d245fb99959ef1c"

[[projects]]
  digest = "1:4b7a8d07fab87f43a08a0decd4cf290e841f228ae1f78f56c395034e61d3655b"
  name = "github.com/justinas/alice"
  packages = ["."]
  pruneopts = "UT"
  revision = "052b8b6c18edb9db317af86806d8e00ebaa94160"

[[projects]]
  digest = "1:caf6db28595425c0e0f2301a00257d11712f65c1878e12cffc42f6b9a9cf3f23"
  name = "github.com/kardianos/osext"
  packages = ["."]
  pruneopts = "UT"
  revision = "ae77be60afb1dcacde03767a8c37337fad28ac14"

[[projects]]
  digest = "1:06d94e582555f421565b117d324d2098f9e666a0bccf545bfb4eb0cc6bdc1b6e"
  name = "github.com/kr/pretty"
  packages = ["."]
  pruneopts = "UT"
  revision = "cfb55aafdaf3ec08f0db22699ab822c50091b1c4"

[[projects]]
  digest = "1:d249ec295344198f1d3cb3534dc03204a83f7321b99fa604284e4eec1792ddf5"
  name = "github.com/kr/text"
  packages = ["."]
  pruneopts = "UT"
  revision = "7cafcd837844e784b526369c9bce262804aebc60"

[[projects]]
  digest = "1:be27056f2e0c89520e3aec44749709a7a350179e051d7cfafdd1c2039f43c48b"
  name = "github.com/magiconair/properties"
  packages = ["."]
  pruneopts = "UT"
  revision = "2c9e9502788518c97fe44e8955cd069417ee89df"

[[projects]]
  digest = "1:082d99d08d81cdd5f584444d787c96f4eeb2d71084aad168a527f0879a732897"
  name = "github.com/mailru/easyjson"
  packages = [
    "buffer",
    "jlexer",
    "jwriter"
  ]
  pruneopts = "UT"
  revision = "9d6630dc8c577b56cb9687a9cf9e8578aca7298a"

[[projects]]
  digest = "1:2514da1e59c0a936d8c1e0fbf5592267a3c5893eb4555ce767bb54d149e9cf6e"
  name = "github.com/mitchellh/mapstructure"
  packages = ["."]
  pruneopts = "UT"
  revision = "00c29f56e2386353d58c599509e8dc3801b0d716"

[[projects]]
  digest = "1:7562729f3839a5a141c68c9679dbbed723568bf12d536e6c881046fc7b45f9db"
  name = "github.com/nytimes/gziphandler"
  packages = ["."]
  pruneopts = "UT"
  revision = "6710af535839f57c687b62c4c23d649f9545d885"

[[projects]]
  digest = "1:5b4e5afdd9ddf003d712f40b84e2b985b2b3d6d1300bdf8dde42ff6eef713c9a"
  name = "github.com/pelletier/go-toml"
  packages = ["."]
  pruneopts = "UT"
  revision = "05bcc0fb0d3e60da4b8dd5bd7e0ea563eb4ca943"

[[projects]]
  digest = "1:3f68283c56d93b885f33c679708079e834815138649e9f59ffbc572c2993e0f8"
  name = "github.com/robfig/cron"
  packages = ["."]
  pruneopts = "UT"
  revision = "b024fc5ea0e34bc3f83d9941c8d60b0622bfaca4"
  version = "v1.0.0"

[[projects]]
  digest = "1:d2f8ec47e1957eaf4d4ea9ddfcb9b4c33771229104669e697ee07c9a9d54918e"
  name = "github.com/rs/cors"
  packages = ["."]
  pruneopts = "UT"
  revision = "feef513b9575b32f84bafa580aad89b011259019"
  version = "v1.3.0"

[[projects]]
  digest = "1:ad06a0a42a99764882da618be3814e00f56cb42687639cdc55295a7e4c449ec0"
  name = "github.com/ryuken/th_tools"
  packages = ["."]
  pruneopts = "UT"
  revision = "e2ec31b09b7eddfe127ae59e418a0f4535c532ef"

[[projects]]
  digest = "1:1869351546fb03c18e8f446fdfe663b5b706fa533f2cc582513b9699c6e7f20f"
  name = "github.com/spf13/afero"
  packages = [
    ".",
    "mem"
  ]
  pruneopts = "UT"
  revision = "bbf41cb36dffe15dff5bf7e18c447801e7ffe163"

[[projects]]
  digest = "1:516e71bed754268937f57d4ecb190e01958452336fa73dbac880894164e91c1f"
  name = "github.com/spf13/cast"
  packages = ["."]
  pruneopts = "UT"
  revision = "8965335b8c7107321228e3e3702cab9832751bac"
  version = "v1.2.0"

[[projects]]
  digest = "1:080e5f630945ad754f4b920e60b4d3095ba0237ebf88dc462eb28002932e3805"
  name = "github.com/spf13/jwalterweatherman"
  packages = ["."]
  pruneopts = "UT"
  revision = "7c0cea34c8ece3fbeb2b27ab9b59511d360fb394"

[[projects]]
  digest = "1:bf7adaa90d74405c2b15ad7bd427d6737628e6c89e511d5bc2b38105b2461f28"
  name = "github.com/spf13/pflag"
  packages = ["."]
  pruneopts = "UT"
  revision = "ee5fd03fd6acfd43e44aea0b4135958546ed8e73"

[[projects]]
  digest = "1:1c62a87f6a77def3be788ed3d4817731826913f02bad2558ae32010595ffa4c4"
  name = "github.com/spf13/viper"
  packages = ["."]
  pruneopts = "UT"
  revision = "aafc9e6bc7b7bb53ddaa75a5ef49a17d6e654be5"

[[projects]]
  digest = "1:18b973dce6a21e4827354afa9a10ebe3f1c3436762c6a20478356838f6649501"
  name = "github.com/tidwall/gjson"
  packages = ["."]
  pruneopts = "UT"
  revision = "e3f249f4fdf33c278edeb770426a6f83c954ae64"

[[projects]]
  digest = "1:3209a42056289c0f9eb5536aee9b84babc0d77844172b7def702727dcb0c0a67"
  name = "github.com/tidwall/match"
  packages = ["."]
  pruneopts = "UT"
  revision = "173748da739a410c5b0b813b956f89ff94730b4c"

[[projects]]
  digest = "1:d39d7e608efbf20d7ffc83ba1ad72fd393e05c9075aeceacc486c52a6c2e4438"
  name = "github.com/y0ssar1an/q"
  packages = ["."]
  pruneopts = "UT"
  revision = "cb6feeae26b860562111ddd5aa18d1976de30065"

[[projects]]
  digest = "1:62daada97f35b86c699ffc5b1b378eac0d4862715f73338b410364468be37ae5"
  name = "golang.org/x/sys"
  packages = ["unix"]
  pruneopts = "UT"
  revision = "dd2ff4accc098aceecb86b36eaa7829b2a17b1c9"

[[projects]]
  digest = "1:6936743857413c784ad669f6c3d19087fe18fb364f6f94a7548ffdedac79f97f"
  name = "golang.org/x/text"
  packages = [
    "internal/gen",
    "internal/triegen",
    "internal/ucd",
    "transform",
    "unicode/cldr",
    "unicode/norm"
  ]
  pruneopts = "UT"
  revision = "0b0b1f509072617b86d90971b51da23cc52694f2"

[[projects]]
  digest = "1:5052389c6c809eeced44ec24ff9958bfea70b9859b7a25061c6fd9086c8f8989"
  name = "gopkg.in/mgo.v2"
  packages = [
    ".",
    "bson",
    "internal/json",
    "internal/sasl",
    "internal/scram"
  ]
  pruneopts = "UT"
  revision = "3f83fa5005286a7fe593b055f0d7771a7dce4655"

[[projects]]
  digest = "1:2a81c6e126d36ad027328cffaa4888fc3be40f09dc48028d1f93705b718130b9"
  name = "gopkg.in/yaml.v2"
  packages = ["."]
  pruneopts = "UT"
  revision = "7f97868eec74b32b0982dd158a51a446d1da7eb5"
  version = "v2.1.1"

[solve-meta]
  analyzer-name = "dep"
  analyzer-version = 1
  input-imports = [
    "github.com/fsnotify/fsnotify",
    "github.com/jpillora/overseer",
    "github.com/jpillora/overseer/fetcher",
    "github.com/justinas/alice",
    "github.com/robfig/cron",
    "github.com/rs/cors",
    "github.com/ryuken/th_tools",
    "github.com/spf13/viper",
    "github.com/y0ssar1an/q"
  ]
  solver-name = "gps-cdcl"
  solver-version = 1
